
Microsoft Visual Studio Solution File, Format Version 12.00
# Visual Studio Version 16
VisualStudioVersion = 16.0.31105.61
MinimumVisualStudioVersion = 10.0.40219.1
Project("{FAE04EC0-301F-11D3-BF4B-00C04F79EFBC}") = "WebApp", "WebApp\WebApp.csproj", "{A6453051-BECC-4CA7-BBA5-7225E9AB7790}"
EndProject
Project("{FAE04EC0-301F-11D3-BF4B-00C04F79EFBC}") = "DataAccessLayer", "DataAccessLayer\DataAccessLayer.csproj", "{1C6A03A6-1EDD-468D-A83F-48EE928E35A9}"
EndProject
Project("{FAE04EC0-301F-11D3-BF4B-00C04F79EFBC}") = "Models", "Models\Models.csproj", "{ECE4A0DB-A8CF-4F80-9195-937AA6C82908}"
EndProject
Global
	GlobalSection(SolutionConfigurationPlatforms) = preSolution
		Debug|Any CPU = Debug|Any CPU
		Release|Any CPU = Release|Any CPU
	EndGlobalSection
	GlobalSection(ProjectConfigurationPlatforms) = postSolution
		{A6453051-BECC-4CA7-BBA5-7225E9AB7790}.Debug|Any CPU.ActiveCfg = Debug|Any CPU
		{A6453051-BECC-4CA7-BBA5-7225E9AB7790}.Debug|Any CPU.Build.0 = Debug|Any CPU
		{A6453051-BECC-4CA7-BBA5-7225E9AB7790}.Release|Any CPU.ActiveCfg = Release|Any CPU
		{A6453051-BECC-4CA7-BBA5-7225E9AB7790}.Release|Any CPU.Build.0 = Release|Any CPU
		{1C6A03A6-1EDD-468D-A83F-48EE928E35A9}.Debug|Any CPU.ActiveCfg = Debug|Any CPU
		{1C6A03A6-1EDD-468D-A83F-48EE928E35A9}.Debug|Any CPU.Build.0 = Debug|Any CPU
		{1C6A03A6-1EDD-468D-A83F-48EE928E35A9}.Release|Any CPU.ActiveCfg = Release|Any CPU
		{1C6A03A6-1EDD-468D-A83F-48EE928E35A9}.Release|Any CPU.Build.0 = Release|Any CPU
		{ECE4A0DB-A8CF-4F80-9195-937AA6C82908}.Debug|Any CPU.ActiveCfg = Debug|Any CPU
		{ECE4A0DB-A8CF-4F80-9195-937AA6C82908}.Debug|Any CPU.Build.0 = Debug|Any CPU
		{ECE4A0DB-A8CF-4F80-9195-937AA6C82908}.Release|Any CPU.ActiveCfg = Release|Any CPU
		{ECE4A0DB-A8CF-4F80-9195-937AA6C82908}.Release|Any CPU.Build.0 = Release|Any CPU
	EndGlobalSection
	GlobalSection(SolutionProperties) = preSolution
		HideSolutionNode = FALSE
	EndGlobalSection
	GlobalSection(ExtensibilityGlobals) = postSolution
		SolutionGuid = {91A816BB-D014-448E-A23B-3B8E0CC675AC}
	EndGlobalSection
EndGlobal
